
Microsoft Visual Studio Solution File, Format Version 12.00
# Visual Studio Version 16
VisualStudioVersion = 16.0.30803.129
MinimumVisualStudioVersion = 10.0.40219.1
Project("{2150E333-8FDC-42A3-9474-1A3956D46DE8}") = "LessonWebServerAsynchronousProcessing", "LessonWebServerAsynchronousProcessing", "{1BB053F5-4003-4E68-9872-2820EE4EB6FE}"
EndProject
Project("{9A19103F-16F7-4668-BE54-9A1E7A4F7556}") = "ChronometerApp", "LessonWebServerAsynchronousProcessing\ChronometerApp\ChronometerApp.csproj", "{F214A073-63DB-451F-98DD-3179C64AB910}"
EndProject
Project("{9A19103F-16F7-4668-BE54-9A1E7A4F7556}") = "MergeSortApp", "LessonWebServerAsynchronousProcessing\MergeSortApp\MergeSortApp.csproj", "{5F086870-715C-4B16-8112-03543B737E27}"
EndProject
Project("{2150E333-8FDC-42A3-9474-1A3956D46DE8}") = "WebBasics", "WebBasics", "{2141EFDB-EC9C-49B4-8020-03C1E8824D10}"
EndProject
Project("{9A19103F-16F7-4668-BE54-9A1E7A4F7556}") = "WebBasics.HttpServer", "WebBasics\WebBasics.HttpServer\WebBasics.HttpServer.csproj", "{4897CA72-2B40-44A2-9E51-49846323AE0F}"
EndProject
Project("{9A19103F-16F7-4668-BE54-9A1E7A4F7556}") = "WebBasics.WebApp", "WebBasics\WebBasics.WebApp\WebBasics.WebApp.csproj", "{0826EA08-5B8B-4007-8B21-DC1121C311E7}"
EndProject
Project("{FAE04EC0-301F-11D3-BF4B-00C04F79EFBC}") = "WebBasics.ServerFramework", "WebBasics\WebBasics.ServerFramework\WebBasics.ServerFramework.csproj", "{C9CE6B20-C08C-40C1-83C1-4FB11818B159}"
EndProject
Global
	GlobalSection(SolutionConfigurationPlatforms) = preSolution
		Debug|Any CPU = Debug|Any CPU
		Release|Any CPU = Release|Any CPU
	EndGlobalSection
	GlobalSection(ProjectConfigurationPlatforms) = postSolution
		{F214A073-63DB-451F-98DD-3179C64AB910}.Debug|Any CPU.ActiveCfg = Debug|Any CPU
		{F214A073-63DB-451F-98DD-3179C64AB910}.Debug|Any CPU.Build.0 = Debug|Any CPU
		{F214A073-63DB-451F-98DD-3179C64AB910}.Release|Any CPU.ActiveCfg = Release|Any CPU
		{F214A073-63DB-451F-98DD-3179C64AB910}.Release|Any CPU.Build.0 = Release|Any CPU
		{5F086870-715C-4B16-8112-03543B737E27}.Debug|Any CPU.ActiveCfg = Debug|Any CPU
		{5F086870-715C-4B16-8112-03543B737E27}.Debug|Any CPU.Build.0 = Debug|Any CPU
		{5F086870-715C-4B16-8112-03543B737E27}.Release|Any CPU.ActiveCfg = Release|Any CPU
		{5F086870-715C-4B16-8112-03543B737E27}.Release|Any CPU.Build.0 = Release|Any CPU
		{4897CA72-2B40-44A2-9E51-49846323AE0F}.Debug|Any CPU.ActiveCfg = Debug|Any CPU
		{4897CA72-2B40-44A2-9E51-49846323AE0F}.Debug|Any CPU.Build.0 = Debug|Any CPU
		{4897CA72-2B40-44A2-9E51-49846323AE0F}.Release|Any CPU.ActiveCfg = Release|Any CPU
		{4897CA72-2B40-44A2-9E51-49846323AE0F}.Release|Any CPU.Build.0 = Release|Any CPU
		{0826EA08-5B8B-4007-8B21-DC1121C311E7}.Debug|Any CPU.ActiveCfg = Debug|Any CPU
		{0826EA08-5B8B-4007-8B21-DC1121C311E7}.Debug|Any CPU.Build.0 = Debug|Any CPU
		{0826EA08-5B8B-4007-8B21-DC1121C311E7}.Release|Any CPU.ActiveCfg = Release|Any CPU
		{0826EA08-5B8B-4007-8B21-DC1121C311E7}.Release|Any CPU.Build.0 = Release|Any CPU
		{C9CE6B20-C08C-40C1-83C1-4FB11818B159}.Debug|Any CPU.ActiveCfg = Debug|Any CPU
		{C9CE6B20-C08C-40C1-83C1-4FB11818B159}.Debug|Any CPU.Build.0 = Debug|Any CPU
		{C9CE6B20-C08C-40C1-83C1-4FB11818B159}.Release|Any CPU.ActiveCfg = Release|Any CPU
		{C9CE6B20-C08C-40C1-83C1-4FB11818B159}.Release|Any CPU.Build.0 = Release|Any CPU
	EndGlobalSection
	GlobalSection(SolutionProperties) = preSolution
		HideSolutionNode = FALSE
	EndGlobalSection
	GlobalSection(NestedProjects) = preSolution
		{F214A073-63DB-451F-98DD-3179C64AB910} = {1BB053F5-4003-4E68-9872-2820EE4EB6FE}
		{5F086870-715C-4B16-8112-03543B737E27} = {1BB053F5-4003-4E68-9872-2820EE4EB6FE}
		{4897CA72-2B40-44A2-9E51-49846323AE0F} = {2141EFDB-EC9C-49B4-8020-03C1E8824D10}
		{0826EA08-5B8B-4007-8B21-DC1121C311E7} = {2141EFDB-EC9C-49B4-8020-03C1E8824D10}
		{C9CE6B20-C08C-40C1-83C1-4FB11818B159} = {2141EFDB-EC9C-49B4-8020-03C1E8824D10}
	EndGlobalSection
	GlobalSection(ExtensibilityGlobals) = postSolution
		SolutionGuid = {64502C5A-95EB-4278-8D50-81019278A02A}
	EndGlobalSection
EndGlobal
