
Microsoft Visual Studio Solution File, Format Version 12.00
# Visual Studio Version 16
VisualStudioVersion = 16.0.30803.129
MinimumVisualStudioVersion = 10.0.40219.1
Project("{2150E333-8FDC-42A3-9474-1A3956D46DE8}") = "LessonWebServerAsynchronousProcessing", "LessonWebServerAsynchronousProcessing", "{1BB053F5-4003-4E68-9872-2820EE4EB6FE}"
EndProject
Project("{FAE04EC0-301F-11D3-BF4B-00C04F79EFBC}") = "ChronometerApp", "LessonWebServerAsynchronousProcessing\ChronometerApp\ChronometerApp.csproj", "{F214A073-63DB-451F-98DD-3179C64AB910}"
EndProject
Global
	GlobalSection(SolutionConfigurationPlatforms) = preSolution
		Debug|Any CPU = Debug|Any CPU
		Release|Any CPU = Release|Any CPU
	EndGlobalSection
	GlobalSection(ProjectConfigurationPlatforms) = postSolution
		{F214A073-63DB-451F-98DD-3179C64AB910}.Debug|Any CPU.ActiveCfg = Debug|Any CPU
		{F214A073-63DB-451F-98DD-3179C64AB910}.Debug|Any CPU.Build.0 = Debug|Any CPU
		{F214A073-63DB-451F-98DD-3179C64AB910}.Release|Any CPU.ActiveCfg = Release|Any CPU
		{F214A073-63DB-451F-98DD-3179C64AB910}.Release|Any CPU.Build.0 = Release|Any CPU
	EndGlobalSection
	GlobalSection(SolutionProperties) = preSolution
		HideSolutionNode = FALSE
	EndGlobalSection
	GlobalSection(NestedProjects) = preSolution
		{F214A073-63DB-451F-98DD-3179C64AB910} = {1BB053F5-4003-4E68-9872-2820EE4EB6FE}
	EndGlobalSection
	GlobalSection(ExtensibilityGlobals) = postSolution
		SolutionGuid = {64502C5A-95EB-4278-8D50-81019278A02A}
	EndGlobalSection
EndGlobal
