
Microsoft Visual Studio Solution File, Format Version 12.00
# Visual Studio Version 16
VisualStudioVersion = 16.0.30803.129
MinimumVisualStudioVersion = 10.0.40219.1
Project("{2150E333-8FDC-42A3-9474-1A3956D46DE8}") = "Framework", "Framework", "{6C165247-C166-444C-A854-56386A01A284}"
EndProject
Project("{9A19103F-16F7-4668-BE54-9A1E7A4F7556}") = "FrameworkServer", "FrameworkServer\FrameworkServer.csproj", "{24FCED47-9846-4446-A84A-BFCC3821E420}"
EndProject
Project("{2150E333-8FDC-42A3-9474-1A3956D46DE8}") = "ExamApp", "ExamApp", "{D7C98B6B-A711-48FB-86DC-55E2E857934D}"
EndProject
Project("{9A19103F-16F7-4668-BE54-9A1E7A4F7556}") = "Exam", "ExamApp\Exam.csproj", "{14B0C7BC-C6B4-45B5-A204-28C035383C19}"
EndProject
Project("{2150E333-8FDC-42A3-9474-1A3956D46DE8}") = "ExamHelper", "ExamHelper", "{F9AABC9B-3918-440A-B759-DE2FA138A936}"
EndProject
Project("{FAE04EC0-301F-11D3-BF4B-00C04F79EFBC}") = "ExamHelperLibrary", "ExamHelper\ExamHelperLibrary\ExamHelperLibrary.csproj", "{A75356E2-3B90-4944-8337-12BB2A61D572}"
EndProject
Global
	GlobalSection(SolutionConfigurationPlatforms) = preSolution
		Debug|Any CPU = Debug|Any CPU
		Release|Any CPU = Release|Any CPU
	EndGlobalSection
	GlobalSection(ProjectConfigurationPlatforms) = postSolution
		{24FCED47-9846-4446-A84A-BFCC3821E420}.Debug|Any CPU.ActiveCfg = Debug|Any CPU
		{24FCED47-9846-4446-A84A-BFCC3821E420}.Debug|Any CPU.Build.0 = Debug|Any CPU
		{24FCED47-9846-4446-A84A-BFCC3821E420}.Release|Any CPU.ActiveCfg = Release|Any CPU
		{24FCED47-9846-4446-A84A-BFCC3821E420}.Release|Any CPU.Build.0 = Release|Any CPU
		{14B0C7BC-C6B4-45B5-A204-28C035383C19}.Debug|Any CPU.ActiveCfg = Debug|Any CPU
		{14B0C7BC-C6B4-45B5-A204-28C035383C19}.Debug|Any CPU.Build.0 = Debug|Any CPU
		{14B0C7BC-C6B4-45B5-A204-28C035383C19}.Release|Any CPU.ActiveCfg = Release|Any CPU
		{14B0C7BC-C6B4-45B5-A204-28C035383C19}.Release|Any CPU.Build.0 = Release|Any CPU
		{A75356E2-3B90-4944-8337-12BB2A61D572}.Debug|Any CPU.ActiveCfg = Debug|Any CPU
		{A75356E2-3B90-4944-8337-12BB2A61D572}.Debug|Any CPU.Build.0 = Debug|Any CPU
		{A75356E2-3B90-4944-8337-12BB2A61D572}.Release|Any CPU.ActiveCfg = Release|Any CPU
		{A75356E2-3B90-4944-8337-12BB2A61D572}.Release|Any CPU.Build.0 = Release|Any CPU
	EndGlobalSection
	GlobalSection(SolutionProperties) = preSolution
		HideSolutionNode = FALSE
	EndGlobalSection
	GlobalSection(NestedProjects) = preSolution
		{24FCED47-9846-4446-A84A-BFCC3821E420} = {6C165247-C166-444C-A854-56386A01A284}
		{14B0C7BC-C6B4-45B5-A204-28C035383C19} = {D7C98B6B-A711-48FB-86DC-55E2E857934D}
		{A75356E2-3B90-4944-8337-12BB2A61D572} = {F9AABC9B-3918-440A-B759-DE2FA138A936}
	EndGlobalSection
	GlobalSection(ExtensibilityGlobals) = postSolution
		SolutionGuid = {F855591B-4D27-4587-AB99-E99BF5EF11ED}
	EndGlobalSection
EndGlobal
